<?xml version="1.0" encoding="utf-8"?>
<Project ToolsVersion="4.0" xmlns="http://schemas.microsoft.com/developer/msbuild/2003">
  <ItemGroup>
    <Filter Include="소스 파일">
      <UniqueIdentifier>{4FC737F1-C7A5-4376-A066-2A32D752A2FF}</UniqueIdentifier>
      <Extensions>cpp;c;cc;cxx;def;odl;idl;hpj;bat;asm;asmx</Extensions>
    </Filter>
    <Filter Include="헤더 파일">
      <UniqueIdentifier>{93995380-89BD-4b04-88EB-625FBE52EBFB}</UniqueIdentifier>
      <Extensions>h;hh;hpp;hxx;hm;inl;inc;xsd</Extensions>
    </Filter>
    <Filter Include="리소스 파일">
      <UniqueIdentifier>{67DA6AB6-F800-4c08-8B7A-83BB121AAD01}</UniqueIdentifier>
      <Extensions>rc;ico;cur;bmp;dlg;rc2;rct;bin;rgs;gif;jpg;jpeg;jpe;resx;tiff;tif;png;wav;mfcribbon-ms</Extensions>
    </Filter>
    <Filter Include="External library sources">
      <UniqueIdentifier>{079816cb-bcbe-4426-95bc-8be15f6cfcb8}</UniqueIdentifier>
    </Filter>
    <Filter Include="Shaders">
      <UniqueIdentifier>{285652c6-2d1b-4657-bf03-852f104dbbe4}</UniqueIdentifier>
    </Filter>
    <Filter Include="External library sources\tinyobjloader">
      <UniqueIdentifier>{6ab56537-9cf1-4b6c-93fd-e6457a88567b}</UniqueIdentifier>
    </Filter>
  </ItemGroup>
  <ItemGroup>
    <ClCompile Include="main.cpp">
      <Filter>소스 파일</Filter>
    </ClCompile>
    <ClCompile Include="TFThunderFox.cpp">
      <Filter>소스 파일</Filter>
    </ClCompile>
    <ClCompile Include="TFTextureManager.cpp">
      <Filter>소스 파일</Filter>
    </ClCompile>
    <ClCompile Include="TFObject.cpp">
      <Filter>소스 파일</Filter>
    </ClCompile>
    <ClCompile Include="TFCommon.cpp">
      <Filter>소스 파일</Filter>
    </ClCompile>
    <ClCompile Include="TFHandle.cpp">
      <Filter>소스 파일</Filter>
    </ClCompile>
    <ClCompile Include="TFCamera.cpp">
      <Filter>헤더 파일</Filter>
    </ClCompile>
    <ClCompile Include="..\tinyobjloader\tiny_obj_loader.cc">
      <Filter>External library sources\tinyobjloader</Filter>
    </ClCompile>
  </ItemGroup>
  <ItemGroup>
    <ClInclude Include="TFThunderFox.h">
      <Filter>헤더 파일</Filter>
    </ClInclude>
    <ClInclude Include="TFControl.h">
      <Filter>헤더 파일</Filter>
    </ClInclude>
    <ClInclude Include="TFShader.h">
      <Filter>헤더 파일</Filter>
    </ClInclude>
    <ClInclude Include="TFTextureManager.h">
      <Filter>헤더 파일</Filter>
    </ClInclude>
    <ClInclude Include="TFObject.h">
      <Filter>헤더 파일</Filter>
    </ClInclude>
    <ClInclude Include="TFGameobject.h">
      <Filter>헤더 파일</Filter>
    </ClInclude>
    <ClInclude Include="TFCamera.h">
      <Filter>헤더 파일</Filter>
    </ClInclude>
    <ClInclude Include="TFGizmo.h">
      <Filter>헤더 파일</Filter>
    </ClInclude>
    <ClInclude Include="TFHandle.h">
      <Filter>헤더 파일</Filter>
    </ClInclude>
    <ClInclude Include="TFShaderManager.h">
      <Filter>헤더 파일</Filter>
    </ClInclude>
    <ClInclude Include="TFFont.h">
      <Filter>헤더 파일</Filter>
    </ClInclude>
    <ClInclude Include="TFCommon.h">
      <Filter>헤더 파일</Filter>
    </ClInclude>
    <ClInclude Include="TFTexture.h">
      <Filter>헤더 파일</Filter>
    </ClInclude>
    <ClInclude Include="TFTransform.h">
      <Filter>헤더 파일</Filter>
    </ClInclude>
    <ClInclude Include="TFBuffer.h">
      <Filter>헤더 파일</Filter>
    </ClInclude>
    <ClInclude Include="TFAutoreleasePool.h">
      <Filter>헤더 파일</Filter>
    </ClInclude>
    <ClInclude Include="TFPrimitive.h">
      <Filter>헤더 파일</Filter>
    </ClInclude>
    <ClInclude Include="_TFModel.h">
      <Filter>헤더 파일</Filter>
    </ClInclude>
    <ClInclude Include="TFModel.h">
      <Filter>헤더 파일</Filter>
    </ClInclude>
    <ClInclude Include="TFTimer.h">
      <Filter>헤더 파일</Filter>
    </ClInclude>
    <ClInclude Include="..\tinyobjloader\tiny_obj_loader.h">
      <Filter>External library sources\tinyobjloader</Filter>
    </ClInclude>
  </ItemGroup>
  <ItemGroup>
    <None Include="Shaders\DirectionalLight.frag">
      <Filter>Shaders</Filter>
    </None>
    <None Include="Shaders\DirectionalLight.vert">
      <Filter>Shaders</Filter>
    </None>
    <None Include="Shaders\Gizmo.frag">
      <Filter>Shaders</Filter>
    </None>
    <None Include="Shaders\Gizmo.vert">
      <Filter>Shaders</Filter>
    </None>
    <None Include="Shaders\HorizontalDuplication.geom">
      <Filter>Shaders</Filter>
    </None>
    <None Include="Shaders\PhongLighting.frag">
      <Filter>Shaders</Filter>
    </None>
    <None Include="Shaders\PhongLighting.vert">
      <Filter>Shaders</Filter>
    </None>
    <None Include="Shaders\PixelShift.frag">
      <Filter>Shaders</Filter>
    </None>
    <None Include="Shaders\ScaledDuplication.geom">
      <Filter>Shaders</Filter>
    </None>
    <None Include="Shaders\Screen.vert">
      <Filter>Shaders</Filter>
    </None>
    <None Include="Shaders\ShadowMap.frag">
      <Filter>Shaders</Filter>
    </None>
    <None Include="Shaders\ShadowMap.vert">
      <Filter>Shaders</Filter>
    </None>
    <None Include="Shaders\simple.vert">
      <Filter>Shaders</Filter>
    </None>
    <None Include="Shaders\SimpleFrame.frag">
      <Filter>Shaders</Filter>
    </None>
    <None Include="Shaders\SingleColor.frag">
      <Filter>Shaders</Filter>
    </None>
    <None Include="Shaders\SSAO.frag">
      <Filter>Shaders</Filter>
    </None>
    <None Include="Shaders\TextureOnly.frag">
      <Filter>Shaders</Filter>
    </None>
    <None Include="Shaders\Midpoint.geom">
      <Filter>Shaders</Filter>
    </None>
    <None Include="Shaders\BilateralFilter.cs.glsl">
      <Filter>Shaders</Filter>
    </None>
    <None Include="Shaders\Gbuffer.fs.glsl">
      <Filter>Shaders</Filter>
    </None>
    <None Include="Shaders\GBuffer.vs.glsl">
      <Filter>Shaders</Filter>
    </None>
    <None Include="Shaders\DeferredTest.fs.glsl">
      <Filter>Shaders</Filter>
    </None>
    <None Include="ClassDiagram.cd" />
  </ItemGroup>
</Project>